
Microsoft Visual Studio Solution File, Format Version 12.00
# Visual Studio 15
VisualStudioVersion = 15.0.28307.852
MinimumVisualStudioVersion = 10.0.40219.1
Project("{8BC9CEB8-8B4A-11D0-8D11-00A0C91BC942}") = "EZG-Project", "EZG-Project\EZG-Project.vcxproj", "{90F71463-AF08-4CAC-9204-2E23065BCDCA}"
EndProject
Global
	GlobalSection(SolutionConfigurationPlatforms) = preSolution
		Debug|x64 = Debug|x64
		Debug|x86 = Debug|x86
		Release|x64 = Release|x64
		Release|x86 = Release|x86
	EndGlobalSection
	GlobalSection(ProjectConfigurationPlatforms) = postSolution
		{90F71463-AF08-4CAC-9204-2E23065BCDCA}.Debug|x64.ActiveCfg = Debug|x64
		{90F71463-AF08-4CAC-9204-2E23065BCDCA}.Debug|x64.Build.0 = Debug|x64
		{90F71463-AF08-4CAC-9204-2E23065BCDCA}.Debug|x86.ActiveCfg = Debug|Win32
		{90F71463-AF08-4CAC-9204-2E23065BCDCA}.Debug|x86.Build.0 = Debug|Win32
		{90F71463-AF08-4CAC-9204-2E23065BCDCA}.Release|x64.ActiveCfg = Release|x64
		{90F71463-AF08-4CAC-9204-2E23065BCDCA}.Release|x64.Build.0 = Release|x64
		{90F71463-AF08-4CAC-9204-2E23065BCDCA}.Release|x86.ActiveCfg = Release|Win32
		{90F71463-AF08-4CAC-9204-2E23065BCDCA}.Release|x86.Build.0 = Release|Win32
	EndGlobalSection
	GlobalSection(SolutionProperties) = preSolution
		HideSolutionNode = FALSE
	EndGlobalSection
	GlobalSection(ExtensibilityGlobals) = postSolution
		SolutionGuid = {ED0291D9-B44F-4C1B-A405-94F9BBCB3AB9}
	EndGlobalSection
EndGlobal
